
Microsoft Visual Studio Solution File, Format Version 12.00
# Visual Studio Version 16
VisualStudioVersion = 16.0.32106.194
MinimumVisualStudioVersion = 10.0.40219.1
Project("{FAE04EC0-301F-11D3-BF4B-00C04F79EFBC}") = "BubbleSortMentiqi", "BubbleSortMentiqi.csproj", "{01A2CBA6-6D46-469C-8248-D8469B45606D}"
EndProject
Global
	GlobalSection(SolutionConfigurationPlatforms) = preSolution
		Debug|Any CPU = Debug|Any CPU
		Release|Any CPU = Release|Any CPU
	EndGlobalSection
	GlobalSection(ProjectConfigurationPlatforms) = postSolution
		{01A2CBA6-6D46-469C-8248-D8469B45606D}.Debug|Any CPU.ActiveCfg = Debug|Any CPU
		{01A2CBA6-6D46-469C-8248-D8469B45606D}.Debug|Any CPU.Build.0 = Debug|Any CPU
		{01A2CBA6-6D46-469C-8248-D8469B45606D}.Release|Any CPU.ActiveCfg = Release|Any CPU
		{01A2CBA6-6D46-469C-8248-D8469B45606D}.Release|Any CPU.Build.0 = Release|Any CPU
	EndGlobalSection
	GlobalSection(SolutionProperties) = preSolution
		HideSolutionNode = FALSE
	EndGlobalSection
	GlobalSection(ExtensibilityGlobals) = postSolution
		SolutionGuid = {7E4905CA-2D6A-4256-B27A-0E173363C685}
	EndGlobalSection
EndGlobal
